
Microsoft Visual Studio Solution File, Format Version 12.00
# Visual Studio 15
VisualStudioVersion = 15.0.28307.421
MinimumVisualStudioVersion = 10.0.40219.1
Project("{FAE04EC0-301F-11D3-BF4B-00C04F79EFBC}") = "KeyMaster.Android", "KeyMaster\KeyMaster.Android\KeyMaster.Android.csproj", "{7CF76454-A627-450B-B534-7D87B89B6FE7}"
EndProject
Project("{FAE04EC0-301F-11D3-BF4B-00C04F79EFBC}") = "KeyMaster.iOS", "KeyMaster\KeyMaster.iOS\KeyMaster.iOS.csproj", "{07710BB8-CE66-4B13-B39B-FCAB9A9CF660}"
EndProject
Project("{FAE04EC0-301F-11D3-BF4B-00C04F79EFBC}") = "KeyMaster.UWP", "KeyMaster\KeyMaster.UWP\KeyMaster.UWP.csproj", "{0F6DEEF7-1162-4100-AE5D-26235142C7FA}"
EndProject
Project("{FAE04EC0-301F-11D3-BF4B-00C04F79EFBC}") = "KeyMaster", "KeyMaster\KeyMaster\KeyMaster.csproj", "{076A013F-C24C-4315-8EAF-EDA5DDF0A3AD}"
EndProject
Global
	GlobalSection(SolutionConfigurationPlatforms) = preSolution
		Ad-Hoc|Any CPU = Ad-Hoc|Any CPU
		Ad-Hoc|ARM = Ad-Hoc|ARM
		Ad-Hoc|iPhone = Ad-Hoc|iPhone
		Ad-Hoc|iPhoneSimulator = Ad-Hoc|iPhoneSimulator
		Ad-Hoc|x64 = Ad-Hoc|x64
		Ad-Hoc|x86 = Ad-Hoc|x86
		AppStore|Any CPU = AppStore|Any CPU
		AppStore|ARM = AppStore|ARM
		AppStore|iPhone = AppStore|iPhone
		AppStore|iPhoneSimulator = AppStore|iPhoneSimulator
		AppStore|x64 = AppStore|x64
		AppStore|x86 = AppStore|x86
		Debug|Any CPU = Debug|Any CPU
		Debug|ARM = Debug|ARM
		Debug|iPhone = Debug|iPhone
		Debug|iPhoneSimulator = Debug|iPhoneSimulator
		Debug|x64 = Debug|x64
		Debug|x86 = Debug|x86
		Release|Any CPU = Release|Any CPU
		Release|ARM = Release|ARM
		Release|iPhone = Release|iPhone
		Release|iPhoneSimulator = Release|iPhoneSimulator
		Release|x64 = Release|x64
		Release|x86 = Release|x86
	EndGlobalSection
	GlobalSection(ProjectConfigurationPlatforms) = postSolution
		{7CF76454-A627-450B-B534-7D87B89B6FE7}.Ad-Hoc|Any CPU.ActiveCfg = Release|Any CPU
		{7CF76454-A627-450B-B534-7D87B89B6FE7}.Ad-Hoc|Any CPU.Build.0 = Release|Any CPU
		{7CF76454-A627-450B-B534-7D87B89B6FE7}.Ad-Hoc|Any CPU.Deploy.0 = Release|Any CPU
		{7CF76454-A627-450B-B534-7D87B89B6FE7}.Ad-Hoc|ARM.ActiveCfg = Release|Any CPU
		{7CF76454-A627-450B-B534-7D87B89B6FE7}.Ad-Hoc|ARM.Build.0 = Release|Any CPU
		{7CF76454-A627-450B-B534-7D87B89B6FE7}.Ad-Hoc|ARM.Deploy.0 = Release|Any CPU
		{7CF76454-A627-450B-B534-7D87B89B6FE7}.Ad-Hoc|iPhone.ActiveCfg = Release|Any CPU
		{7CF76454-A627-450B-B534-7D87B89B6FE7}.Ad-Hoc|iPhone.Build.0 = Release|Any CPU
		{7CF76454-A627-450B-B534-7D87B89B6FE7}.Ad-Hoc|iPhone.Deploy.0 = Release|Any CPU
		{7CF76454-A627-450B-B534-7D87B89B6FE7}.Ad-Hoc|iPhoneSimulator.ActiveCfg = Release|Any CPU
		{7CF76454-A627-450B-B534-7D87B89B6FE7}.Ad-Hoc|iPhoneSimulator.Build.0 = Release|Any CPU
		{7CF76454-A627-450B-B534-7D87B89B6FE7}.Ad-Hoc|iPhoneSimulator.Deploy.0 = Release|Any CPU
		{7CF76454-A627-450B-B534-7D87B89B6FE7}.Ad-Hoc|x64.ActiveCfg = Release|Any CPU
		{7CF76454-A627-450B-B534-7D87B89B6FE7}.Ad-Hoc|x64.Build.0 = Release|Any CPU
		{7CF76454-A627-450B-B534-7D87B89B6FE7}.Ad-Hoc|x64.Deploy.0 = Release|Any CPU
		{7CF76454-A627-450B-B534-7D87B89B6FE7}.Ad-Hoc|x86.ActiveCfg = Release|Any CPU
		{7CF76454-A627-450B-B534-7D87B89B6FE7}.Ad-Hoc|x86.Build.0 = Release|Any CPU
		{7CF76454-A627-450B-B534-7D87B89B6FE7}.Ad-Hoc|x86.Deploy.0 = Release|Any CPU
		{7CF76454-A627-450B-B534-7D87B89B6FE7}.AppStore|Any CPU.ActiveCfg = Release|Any CPU
		{7CF76454-A627-450B-B534-7D87B89B6FE7}.AppStore|Any CPU.Build.0 = Release|Any CPU
		{7CF76454-A627-450B-B534-7D87B89B6FE7}.AppStore|Any CPU.Deploy.0 = Release|Any CPU
		{7CF76454-A627-450B-B534-7D87B89B6FE7}.AppStore|ARM.ActiveCfg = Release|Any CPU
		{7CF76454-A627-450B-B534-7D87B89B6FE7}.AppStore|ARM.Build.0 = Release|Any CPU
		{7CF76454-A627-450B-B534-7D87B89B6FE7}.AppStore|ARM.Deploy.0 = Release|Any CPU
		{7CF76454-A627-450B-B534-7D87B89B6FE7}.AppStore|iPhone.ActiveCfg = Release|Any CPU
		{7CF76454-A627-450B-B534-7D87B89B6FE7}.AppStore|iPhone.Build.0 = Release|Any CPU
		{7CF76454-A627-450B-B534-7D87B89B6FE7}.AppStore|iPhone.Deploy.0 = Release|Any CPU
		{7CF76454-A627-450B-B534-7D87B89B6FE7}.AppStore|iPhoneSimulator.ActiveCfg = Release|Any CPU
		{7CF76454-A627-450B-B534-7D87B89B6FE7}.AppStore|iPhoneSimulator.Build.0 = Release|Any CPU
		{7CF76454-A627-450B-B534-7D87B89B6FE7}.AppStore|iPhoneSimulator.Deploy.0 = Release|Any CPU
		{7CF76454-A627-450B-B534-7D87B89B6FE7}.AppStore|x64.ActiveCfg = Release|Any CPU
		{7CF76454-A627-450B-B534-7D87B89B6FE7}.AppStore|x64.Build.0 = Release|Any CPU
		{7CF76454-A627-450B-B534-7D87B89B6FE7}.AppStore|x64.Deploy.0 = Release|Any CPU
		{7CF76454-A627-450B-B534-7D87B89B6FE7}.AppStore|x86.ActiveCfg = Release|Any CPU
		{7CF76454-A627-450B-B534-7D87B89B6FE7}.AppStore|x86.Build.0 = Release|Any CPU
		{7CF76454-A627-450B-B534-7D87B89B6FE7}.AppStore|x86.Deploy.0 = Release|Any CPU
		{7CF76454-A627-450B-B534-7D87B89B6FE7}.Debug|Any CPU.ActiveCfg = Debug|Any CPU
		{7CF76454-A627-450B-B534-7D87B89B6FE7}.Debug|Any CPU.Build.0 = Debug|Any CPU
		{7CF76454-A627-450B-B534-7D87B89B6FE7}.Debug|Any CPU.Deploy.0 = Debug|Any CPU
		{7CF76454-A627-450B-B534-7D87B89B6FE7}.Debug|ARM.ActiveCfg = Debug|Any CPU
		{7CF76454-A627-450B-B534-7D87B89B6FE7}.Debug|ARM.Build.0 = Debug|Any CPU
		{7CF76454-A627-450B-B534-7D87B89B6FE7}.Debug|ARM.Deploy.0 = Debug|Any CPU
		{7CF76454-A627-450B-B534-7D87B89B6FE7}.Debug|iPhone.ActiveCfg = Debug|Any CPU
		{7CF76454-A627-450B-B534-7D87B89B6FE7}.Debug|iPhone.Build.0 = Debug|Any CPU
		{7CF76454-A627-450B-B534-7D87B89B6FE7}.Debug|iPhone.Deploy.0 = Debug|Any CPU
		{7CF76454-A627-450B-B534-7D87B89B6FE7}.Debug|iPhoneSimulator.ActiveCfg = Debug|Any CPU
		{7CF76454-A627-450B-B534-7D87B89B6FE7}.Debug|iPhoneSimulator.Build.0 = Debug|Any CPU
		{7CF76454-A627-450B-B534-7D87B89B6FE7}.Debug|iPhoneSimulator.Deploy.0 = Debug|Any CPU
		{7CF76454-A627-450B-B534-7D87B89B6FE7}.Debug|x64.ActiveCfg = Debug|Any CPU
		{7CF76454-A627-450B-B534-7D87B89B6FE7}.Debug|x64.Build.0 = Debug|Any CPU
		{7CF76454-A627-450B-B534-7D87B89B6FE7}.Debug|x64.Deploy.0 = Debug|Any CPU
		{7CF76454-A627-450B-B534-7D87B89B6FE7}.Debug|x86.ActiveCfg = Debug|Any CPU
		{7CF76454-A627-450B-B534-7D87B89B6FE7}.Debug|x86.Build.0 = Debug|Any CPU
		{7CF76454-A627-450B-B534-7D87B89B6FE7}.Debug|x86.Deploy.0 = Debug|Any CPU
		{7CF76454-A627-450B-B534-7D87B89B6FE7}.Release|Any CPU.ActiveCfg = Release|Any CPU
		{7CF76454-A627-450B-B534-7D87B89B6FE7}.Release|Any CPU.Build.0 = Release|Any CPU
		{7CF76454-A627-450B-B534-7D87B89B6FE7}.Release|Any CPU.Deploy.0 = Release|Any CPU
		{7CF76454-A627-450B-B534-7D87B89B6FE7}.Release|ARM.ActiveCfg = Release|Any CPU
		{7CF76454-A627-450B-B534-7D87B89B6FE7}.Release|ARM.Build.0 = Release|Any CPU
		{7CF76454-A627-450B-B534-7D87B89B6FE7}.Release|ARM.Deploy.0 = Release|Any CPU
		{7CF76454-A627-450B-B534-7D87B89B6FE7}.Release|iPhone.ActiveCfg = Release|Any CPU
		{7CF76454-A627-450B-B534-7D87B89B6FE7}.Release|iPhone.Build.0 = Release|Any CPU
		{7CF76454-A627-450B-B534-7D87B89B6FE7}.Release|iPhone.Deploy.0 = Release|Any CPU
		{7CF76454-A627-450B-B534-7D87B89B6FE7}.Release|iPhoneSimulator.ActiveCfg = Release|Any CPU
		{7CF76454-A627-450B-B534-7D87B89B6FE7}.Release|iPhoneSimulator.Build.0 = Release|Any CPU
		{7CF76454-A627-450B-B534-7D87B89B6FE7}.Release|iPhoneSimulator.Deploy.0 = Release|Any CPU
		{7CF76454-A627-450B-B534-7D87B89B6FE7}.Release|x64.ActiveCfg = Release|Any CPU
		{7CF76454-A627-450B-B534-7D87B89B6FE7}.Release|x64.Build.0 = Release|Any CPU
		{7CF76454-A627-450B-B534-7D87B89B6FE7}.Release|x64.Deploy.0 = Release|Any CPU
		{7CF76454-A627-450B-B534-7D87B89B6FE7}.Release|x86.ActiveCfg = Release|Any CPU
		{7CF76454-A627-450B-B534-7D87B89B6FE7}.Release|x86.Build.0 = Release|Any CPU
		{7CF76454-A627-450B-B534-7D87B89B6FE7}.Release|x86.Deploy.0 = Release|Any CPU
		{07710BB8-CE66-4B13-B39B-FCAB9A9CF660}.Ad-Hoc|Any CPU.ActiveCfg = Ad-Hoc|iPhone
		{07710BB8-CE66-4B13-B39B-FCAB9A9CF660}.Ad-Hoc|Any CPU.Build.0 = Ad-Hoc|iPhone
		{07710BB8-CE66-4B13-B39B-FCAB9A9CF660}.Ad-Hoc|Any CPU.Deploy.0 = Ad-Hoc|iPhone
		{07710BB8-CE66-4B13-B39B-FCAB9A9CF660}.Ad-Hoc|ARM.ActiveCfg = Ad-Hoc|iPhone
		{07710BB8-CE66-4B13-B39B-FCAB9A9CF660}.Ad-Hoc|ARM.Build.0 = Ad-Hoc|iPhone
		{07710BB8-CE66-4B13-B39B-FCAB9A9CF660}.Ad-Hoc|ARM.Deploy.0 = Ad-Hoc|iPhone
		{07710BB8-CE66-4B13-B39B-FCAB9A9CF660}.Ad-Hoc|iPhone.ActiveCfg = Ad-Hoc|iPhone
		{07710BB8-CE66-4B13-B39B-FCAB9A9CF660}.Ad-Hoc|iPhone.Build.0 = Ad-Hoc|iPhone
		{07710BB8-CE66-4B13-B39B-FCAB9A9CF660}.Ad-Hoc|iPhone.Deploy.0 = Ad-Hoc|iPhone
		{07710BB8-CE66-4B13-B39B-FCAB9A9CF660}.Ad-Hoc|iPhoneSimulator.ActiveCfg = Ad-Hoc|iPhoneSimulator
		{07710BB8-CE66-4B13-B39B-FCAB9A9CF660}.Ad-Hoc|iPhoneSimulator.Build.0 = Ad-Hoc|iPhoneSimulator
		{07710BB8-CE66-4B13-B39B-FCAB9A9CF660}.Ad-Hoc|iPhoneSimulator.Deploy.0 = Ad-Hoc|iPhoneSimulator
		{07710BB8-CE66-4B13-B39B-FCAB9A9CF660}.Ad-Hoc|x64.ActiveCfg = Ad-Hoc|iPhone
		{07710BB8-CE66-4B13-B39B-FCAB9A9CF660}.Ad-Hoc|x64.Build.0 = Ad-Hoc|iPhone
		{07710BB8-CE66-4B13-B39B-FCAB9A9CF660}.Ad-Hoc|x64.Deploy.0 = Ad-Hoc|iPhone
		{07710BB8-CE66-4B13-B39B-FCAB9A9CF660}.Ad-Hoc|x86.ActiveCfg = Ad-Hoc|iPhone
		{07710BB8-CE66-4B13-B39B-FCAB9A9CF660}.Ad-Hoc|x86.Build.0 = Ad-Hoc|iPhone
		{07710BB8-CE66-4B13-B39B-FCAB9A9CF660}.Ad-Hoc|x86.Deploy.0 = Ad-Hoc|iPhone
		{07710BB8-CE66-4B13-B39B-FCAB9A9CF660}.AppStore|Any CPU.ActiveCfg = AppStore|iPhone
		{07710BB8-CE66-4B13-B39B-FCAB9A9CF660}.AppStore|Any CPU.Build.0 = AppStore|iPhone
		{07710BB8-CE66-4B13-B39B-FCAB9A9CF660}.AppStore|Any CPU.Deploy.0 = AppStore|iPhone
		{07710BB8-CE66-4B13-B39B-FCAB9A9CF660}.AppStore|ARM.ActiveCfg = AppStore|iPhone
		{07710BB8-CE66-4B13-B39B-FCAB9A9CF660}.AppStore|ARM.Build.0 = AppStore|iPhone
		{07710BB8-CE66-4B13-B39B-FCAB9A9CF660}.AppStore|ARM.Deploy.0 = AppStore|iPhone
		{07710BB8-CE66-4B13-B39B-FCAB9A9CF660}.AppStore|iPhone.ActiveCfg = AppStore|iPhone
		{07710BB8-CE66-4B13-B39B-FCAB9A9CF660}.AppStore|iPhone.Build.0 = AppStore|iPhone
		{07710BB8-CE66-4B13-B39B-FCAB9A9CF660}.AppStore|iPhone.Deploy.0 = AppStore|iPhone
		{07710BB8-CE66-4B13-B39B-FCAB9A9CF660}.AppStore|iPhoneSimulator.ActiveCfg = AppStore|iPhoneSimulator
		{07710BB8-CE66-4B13-B39B-FCAB9A9CF660}.AppStore|iPhoneSimulator.Build.0 = AppStore|iPhoneSimulator
		{07710BB8-CE66-4B13-B39B-FCAB9A9CF660}.AppStore|iPhoneSimulator.Deploy.0 = AppStore|iPhoneSimulator
		{07710BB8-CE66-4B13-B39B-FCAB9A9CF660}.AppStore|x64.ActiveCfg = AppStore|iPhone
		{07710BB8-CE66-4B13-B39B-FCAB9A9CF660}.AppStore|x64.Build.0 = AppStore|iPhone
		{07710BB8-CE66-4B13-B39B-FCAB9A9CF660}.AppStore|x64.Deploy.0 = AppStore|iPhone
		{07710BB8-CE66-4B13-B39B-FCAB9A9CF660}.AppStore|x86.ActiveCfg = AppStore|iPhone
		{07710BB8-CE66-4B13-B39B-FCAB9A9CF660}.AppStore|x86.Build.0 = AppStore|iPhone
		{07710BB8-CE66-4B13-B39B-FCAB9A9CF660}.AppStore|x86.Deploy.0 = AppStore|iPhone
		{07710BB8-CE66-4B13-B39B-FCAB9A9CF660}.Debug|Any CPU.ActiveCfg = Debug|iPhoneSimulator
		{07710BB8-CE66-4B13-B39B-FCAB9A9CF660}.Debug|Any CPU.Build.0 = Debug|iPhoneSimulator
		{07710BB8-CE66-4B13-B39B-FCAB9A9CF660}.Debug|Any CPU.Deploy.0 = Debug|iPhoneSimulator
		{07710BB8-CE66-4B13-B39B-FCAB9A9CF660}.Debug|ARM.ActiveCfg = Debug|iPhone
		{07710BB8-CE66-4B13-B39B-FCAB9A9CF660}.Debug|ARM.Build.0 = Debug|iPhone
		{07710BB8-CE66-4B13-B39B-FCAB9A9CF660}.Debug|ARM.Deploy.0 = Debug|iPhone
		{07710BB8-CE66-4B13-B39B-FCAB9A9CF660}.Debug|iPhone.ActiveCfg = Debug|iPhone
		{07710BB8-CE66-4B13-B39B-FCAB9A9CF660}.Debug|iPhone.Build.0 = Debug|iPhone
		{07710BB8-CE66-4B13-B39B-FCAB9A9CF660}.Debug|iPhone.Deploy.0 = Debug|iPhone
		{07710BB8-CE66-4B13-B39B-FCAB9A9CF660}.Debug|iPhoneSimulator.ActiveCfg = Debug|iPhoneSimulator
		{07710BB8-CE66-4B13-B39B-FCAB9A9CF660}.Debug|iPhoneSimulator.Build.0 = Debug|iPhoneSimulator
		{07710BB8-CE66-4B13-B39B-FCAB9A9CF660}.Debug|iPhoneSimulator.Deploy.0 = Debug|iPhoneSimulator
		{07710BB8-CE66-4B13-B39B-FCAB9A9CF660}.Debug|x64.ActiveCfg = Debug|iPhone
		{07710BB8-CE66-4B13-B39B-FCAB9A9CF660}.Debug|x64.Build.0 = Debug|iPhone
		{07710BB8-CE66-4B13-B39B-FCAB9A9CF660}.Debug|x64.Deploy.0 = Debug|iPhone
		{07710BB8-CE66-4B13-B39B-FCAB9A9CF660}.Debug|x86.ActiveCfg = Debug|iPhone
		{07710BB8-CE66-4B13-B39B-FCAB9A9CF660}.Debug|x86.Build.0 = Debug|iPhone
		{07710BB8-CE66-4B13-B39B-FCAB9A9CF660}.Debug|x86.Deploy.0 = Debug|iPhone
		{07710BB8-CE66-4B13-B39B-FCAB9A9CF660}.Release|Any CPU.ActiveCfg = Release|iPhone
		{07710BB8-CE66-4B13-B39B-FCAB9A9CF660}.Release|Any CPU.Build.0 = Release|iPhone
		{07710BB8-CE66-4B13-B39B-FCAB9A9CF660}.Release|Any CPU.Deploy.0 = Release|iPhone
		{07710BB8-CE66-4B13-B39B-FCAB9A9CF660}.Release|ARM.ActiveCfg = Release|iPhone
		{07710BB8-CE66-4B13-B39B-FCAB9A9CF660}.Release|ARM.Build.0 = Release|iPhone
		{07710BB8-CE66-4B13-B39B-FCAB9A9CF660}.Release|ARM.Deploy.0 = Release|iPhone
		{07710BB8-CE66-4B13-B39B-FCAB9A9CF660}.Release|iPhone.ActiveCfg = Release|iPhone
		{07710BB8-CE66-4B13-B39B-FCAB9A9CF660}.Release|iPhone.Build.0 = Release|iPhone
		{07710BB8-CE66-4B13-B39B-FCAB9A9CF660}.Release|iPhone.Deploy.0 = Release|iPhone
		{07710BB8-CE66-4B13-B39B-FCAB9A9CF660}.Release|iPhoneSimulator.ActiveCfg = Release|iPhoneSimulator
		{07710BB8-CE66-4B13-B39B-FCAB9A9CF660}.Release|iPhoneSimulator.Build.0 = Release|iPhoneSimulator
		{07710BB8-CE66-4B13-B39B-FCAB9A9CF660}.Release|iPhoneSimulator.Deploy.0 = Release|iPhoneSimulator
		{07710BB8-CE66-4B13-B39B-FCAB9A9CF660}.Release|x64.ActiveCfg = Release|iPhone
		{07710BB8-CE66-4B13-B39B-FCAB9A9CF660}.Release|x64.Build.0 = Release|iPhone
		{07710BB8-CE66-4B13-B39B-FCAB9A9CF660}.Release|x64.Deploy.0 = Release|iPhone
		{07710BB8-CE66-4B13-B39B-FCAB9A9CF660}.Release|x86.ActiveCfg = Release|iPhone
		{07710BB8-CE66-4B13-B39B-FCAB9A9CF660}.Release|x86.Build.0 = Release|iPhone
		{07710BB8-CE66-4B13-B39B-FCAB9A9CF660}.Release|x86.Deploy.0 = Release|iPhone
		{0F6DEEF7-1162-4100-AE5D-26235142C7FA}.Ad-Hoc|Any CPU.ActiveCfg = Release|x86
		{0F6DEEF7-1162-4100-AE5D-26235142C7FA}.Ad-Hoc|Any CPU.Build.0 = Release|x86
		{0F6DEEF7-1162-4100-AE5D-26235142C7FA}.Ad-Hoc|Any CPU.Deploy.0 = Release|x86
		{0F6DEEF7-1162-4100-AE5D-26235142C7FA}.Ad-Hoc|ARM.ActiveCfg = Release|ARM
		{0F6DEEF7-1162-4100-AE5D-26235142C7FA}.Ad-Hoc|ARM.Build.0 = Release|ARM
		{0F6DEEF7-1162-4100-AE5D-26235142C7FA}.Ad-Hoc|ARM.Deploy.0 = Release|ARM
		{0F6DEEF7-1162-4100-AE5D-26235142C7FA}.Ad-Hoc|iPhone.ActiveCfg = Release|x86
		{0F6DEEF7-1162-4100-AE5D-26235142C7FA}.Ad-Hoc|iPhone.Build.0 = Release|x86
		{0F6DEEF7-1162-4100-AE5D-26235142C7FA}.Ad-Hoc|iPhone.Deploy.0 = Release|x86
		{0F6DEEF7-1162-4100-AE5D-26235142C7FA}.Ad-Hoc|iPhoneSimulator.ActiveCfg = Release|x86
		{0F6DEEF7-1162-4100-AE5D-26235142C7FA}.Ad-Hoc|iPhoneSimulator.Build.0 = Release|x86
		{0F6DEEF7-1162-4100-AE5D-26235142C7FA}.Ad-Hoc|iPhoneSimulator.Deploy.0 = Release|x86
		{0F6DEEF7-1162-4100-AE5D-26235142C7FA}.Ad-Hoc|x64.ActiveCfg = Release|x64
		{0F6DEEF7-1162-4100-AE5D-26235142C7FA}.Ad-Hoc|x64.Build.0 = Release|x64
		{0F6DEEF7-1162-4100-AE5D-26235142C7FA}.Ad-Hoc|x64.Deploy.0 = Release|x64
		{0F6DEEF7-1162-4100-AE5D-26235142C7FA}.Ad-Hoc|x86.ActiveCfg = Release|x86
		{0F6DEEF7-1162-4100-AE5D-26235142C7FA}.Ad-Hoc|x86.Build.0 = Release|x86
		{0F6DEEF7-1162-4100-AE5D-26235142C7FA}.Ad-Hoc|x86.Deploy.0 = Release|x86
		{0F6DEEF7-1162-4100-AE5D-26235142C7FA}.AppStore|Any CPU.ActiveCfg = Release|x86
		{0F6DEEF7-1162-4100-AE5D-26235142C7FA}.AppStore|Any CPU.Build.0 = Release|x86
		{0F6DEEF7-1162-4100-AE5D-26235142C7FA}.AppStore|Any CPU.Deploy.0 = Release|x86
		{0F6DEEF7-1162-4100-AE5D-26235142C7FA}.AppStore|ARM.ActiveCfg = Release|ARM
		{0F6DEEF7-1162-4100-AE5D-26235142C7FA}.AppStore|ARM.Build.0 = Release|ARM
		{0F6DEEF7-1162-4100-AE5D-26235142C7FA}.AppStore|ARM.Deploy.0 = Release|ARM
		{0F6DEEF7-1162-4100-AE5D-26235142C7FA}.AppStore|iPhone.ActiveCfg = Release|x86
		{0F6DEEF7-1162-4100-AE5D-26235142C7FA}.AppStore|iPhone.Build.0 = Release|x86
		{0F6DEEF7-1162-4100-AE5D-26235142C7FA}.AppStore|iPhone.Deploy.0 = Release|x86
		{0F6DEEF7-1162-4100-AE5D-26235142C7FA}.AppStore|iPhoneSimulator.ActiveCfg = Release|x86
		{0F6DEEF7-1162-4100-AE5D-26235142C7FA}.AppStore|iPhoneSimulator.Build.0 = Release|x86
		{0F6DEEF7-1162-4100-AE5D-26235142C7FA}.AppStore|iPhoneSimulator.Deploy.0 = Release|x86
		{0F6DEEF7-1162-4100-AE5D-26235142C7FA}.AppStore|x64.ActiveCfg = Release|x64
		{0F6DEEF7-1162-4100-AE5D-26235142C7FA}.AppStore|x64.Build.0 = Release|x64
		{0F6DEEF7-1162-4100-AE5D-26235142C7FA}.AppStore|x64.Deploy.0 = Release|x64
		{0F6DEEF7-1162-4100-AE5D-26235142C7FA}.AppStore|x86.ActiveCfg = Release|x86
		{0F6DEEF7-1162-4100-AE5D-26235142C7FA}.AppStore|x86.Build.0 = Release|x86
		{0F6DEEF7-1162-4100-AE5D-26235142C7FA}.AppStore|x86.Deploy.0 = Release|x86
		{0F6DEEF7-1162-4100-AE5D-26235142C7FA}.Debug|Any CPU.ActiveCfg = Debug|x86
		{0F6DEEF7-1162-4100-AE5D-26235142C7FA}.Debug|Any CPU.Build.0 = Debug|x86
		{0F6DEEF7-1162-4100-AE5D-26235142C7FA}.Debug|Any CPU.Deploy.0 = Debug|x86
		{0F6DEEF7-1162-4100-AE5D-26235142C7FA}.Debug|ARM.ActiveCfg = Debug|ARM
		{0F6DEEF7-1162-4100-AE5D-26235142C7FA}.Debug|ARM.Build.0 = Debug|ARM
		{0F6DEEF7-1162-4100-AE5D-26235142C7FA}.Debug|ARM.Deploy.0 = Debug|ARM
		{0F6DEEF7-1162-4100-AE5D-26235142C7FA}.Debug|iPhone.ActiveCfg = Debug|x86
		{0F6DEEF7-1162-4100-AE5D-26235142C7FA}.Debug|iPhone.Build.0 = Debug|x86
		{0F6DEEF7-1162-4100-AE5D-26235142C7FA}.Debug|iPhone.Deploy.0 = Debug|x86
		{0F6DEEF7-1162-4100-AE5D-26235142C7FA}.Debug|iPhoneSimulator.ActiveCfg = Debug|x86
		{0F6DEEF7-1162-4100-AE5D-26235142C7FA}.Debug|iPhoneSimulator.Build.0 = Debug|x86
		{0F6DEEF7-1162-4100-AE5D-26235142C7FA}.Debug|iPhoneSimulator.Deploy.0 = Debug|x86
		{0F6DEEF7-1162-4100-AE5D-26235142C7FA}.Debug|x64.ActiveCfg = Debug|x64
		{0F6DEEF7-1162-4100-AE5D-26235142C7FA}.Debug|x64.Build.0 = Debug|x64
		{0F6DEEF7-1162-4100-AE5D-26235142C7FA}.Debug|x64.Deploy.0 = Debug|x64
		{0F6DEEF7-1162-4100-AE5D-26235142C7FA}.Debug|x86.ActiveCfg = Debug|x86
		{0F6DEEF7-1162-4100-AE5D-26235142C7FA}.Debug|x86.Build.0 = Debug|x86
		{0F6DEEF7-1162-4100-AE5D-26235142C7FA}.Debug|x86.Deploy.0 = Debug|x86
		{0F6DEEF7-1162-4100-AE5D-26235142C7FA}.Release|Any CPU.ActiveCfg = Release|x86
		{0F6DEEF7-1162-4100-AE5D-26235142C7FA}.Release|Any CPU.Build.0 = Release|x86
		{0F6DEEF7-1162-4100-AE5D-26235142C7FA}.Release|Any CPU.Deploy.0 = Release|x86
		{0F6DEEF7-1162-4100-AE5D-26235142C7FA}.Release|ARM.ActiveCfg = Release|ARM
		{0F6DEEF7-1162-4100-AE5D-26235142C7FA}.Release|ARM.Build.0 = Release|ARM
		{0F6DEEF7-1162-4100-AE5D-26235142C7FA}.Release|ARM.Deploy.0 = Release|ARM
		{0F6DEEF7-1162-4100-AE5D-26235142C7FA}.Release|iPhone.ActiveCfg = Release|x86
		{0F6DEEF7-1162-4100-AE5D-26235142C7FA}.Release|iPhone.Build.0 = Release|x86
		{0F6DEEF7-1162-4100-AE5D-26235142C7FA}.Release|iPhone.Deploy.0 = Release|x86
		{0F6DEEF7-1162-4100-AE5D-26235142C7FA}.Release|iPhoneSimulator.ActiveCfg = Release|x86
		{0F6DEEF7-1162-4100-AE5D-26235142C7FA}.Release|iPhoneSimulator.Build.0 = Release|x86
		{0F6DEEF7-1162-4100-AE5D-26235142C7FA}.Release|iPhoneSimulator.Deploy.0 = Release|x86
		{0F6DEEF7-1162-4100-AE5D-26235142C7FA}.Release|x64.ActiveCfg = Release|x64
		{0F6DEEF7-1162-4100-AE5D-26235142C7FA}.Release|x64.Build.0 = Release|x64
		{0F6DEEF7-1162-4100-AE5D-26235142C7FA}.Release|x64.Deploy.0 = Release|x64
		{0F6DEEF7-1162-4100-AE5D-26235142C7FA}.Release|x86.ActiveCfg = Release|x86
		{0F6DEEF7-1162-4100-AE5D-26235142C7FA}.Release|x86.Build.0 = Release|x86
		{0F6DEEF7-1162-4100-AE5D-26235142C7FA}.Release|x86.Deploy.0 = Release|x86
		{076A013F-C24C-4315-8EAF-EDA5DDF0A3AD}.Ad-Hoc|Any CPU.ActiveCfg = Debug|Any CPU
		{076A013F-C24C-4315-8EAF-EDA5DDF0A3AD}.Ad-Hoc|Any CPU.Build.0 = Debug|Any CPU
		{076A013F-C24C-4315-8EAF-EDA5DDF0A3AD}.Ad-Hoc|Any CPU.Deploy.0 = Debug|Any CPU
		{076A013F-C24C-4315-8EAF-EDA5DDF0A3AD}.Ad-Hoc|ARM.ActiveCfg = Debug|Any CPU
		{076A013F-C24C-4315-8EAF-EDA5DDF0A3AD}.Ad-Hoc|ARM.Build.0 = Debug|Any CPU
		{076A013F-C24C-4315-8EAF-EDA5DDF0A3AD}.Ad-Hoc|ARM.Deploy.0 = Debug|Any CPU
		{076A013F-C24C-4315-8EAF-EDA5DDF0A3AD}.Ad-Hoc|iPhone.ActiveCfg = Debug|Any CPU
		{076A013F-C24C-4315-8EAF-EDA5DDF0A3AD}.Ad-Hoc|iPhone.Build.0 = Debug|Any CPU
		{076A013F-C24C-4315-8EAF-EDA5DDF0A3AD}.Ad-Hoc|iPhone.Deploy.0 = Debug|Any CPU
		{076A013F-C24C-4315-8EAF-EDA5DDF0A3AD}.Ad-Hoc|iPhoneSimulator.ActiveCfg = Debug|Any CPU
		{076A013F-C24C-4315-8EAF-EDA5DDF0A3AD}.Ad-Hoc|iPhoneSimulator.Build.0 = Debug|Any CPU
		{076A013F-C24C-4315-8EAF-EDA5DDF0A3AD}.Ad-Hoc|iPhoneSimulator.Deploy.0 = Debug|Any CPU
		{076A013F-C24C-4315-8EAF-EDA5DDF0A3AD}.Ad-Hoc|x64.ActiveCfg = Debug|Any CPU
		{076A013F-C24C-4315-8EAF-EDA5DDF0A3AD}.Ad-Hoc|x64.Build.0 = Debug|Any CPU
		{076A013F-C24C-4315-8EAF-EDA5DDF0A3AD}.Ad-Hoc|x64.Deploy.0 = Debug|Any CPU
		{076A013F-C24C-4315-8EAF-EDA5DDF0A3AD}.Ad-Hoc|x86.ActiveCfg = Debug|Any CPU
		{076A013F-C24C-4315-8EAF-EDA5DDF0A3AD}.Ad-Hoc|x86.Build.0 = Debug|Any CPU
		{076A013F-C24C-4315-8EAF-EDA5DDF0A3AD}.Ad-Hoc|x86.Deploy.0 = Debug|Any CPU
		{076A013F-C24C-4315-8EAF-EDA5DDF0A3AD}.AppStore|Any CPU.ActiveCfg = Debug|Any CPU
		{076A013F-C24C-4315-8EAF-EDA5DDF0A3AD}.AppStore|Any CPU.Build.0 = Debug|Any CPU
		{076A013F-C24C-4315-8EAF-EDA5DDF0A3AD}.AppStore|Any CPU.Deploy.0 = Debug|Any CPU
		{076A013F-C24C-4315-8EAF-EDA5DDF0A3AD}.AppStore|ARM.ActiveCfg = Debug|Any CPU
		{076A013F-C24C-4315-8EAF-EDA5DDF0A3AD}.AppStore|ARM.Build.0 = Debug|Any CPU
		{076A013F-C24C-4315-8EAF-EDA5DDF0A3AD}.AppStore|ARM.Deploy.0 = Debug|Any CPU
		{076A013F-C24C-4315-8EAF-EDA5DDF0A3AD}.AppStore|iPhone.ActiveCfg = Debug|Any CPU
		{076A013F-C24C-4315-8EAF-EDA5DDF0A3AD}.AppStore|iPhone.Build.0 = Debug|Any CPU
		{076A013F-C24C-4315-8EAF-EDA5DDF0A3AD}.AppStore|iPhone.Deploy.0 = Debug|Any CPU
		{076A013F-C24C-4315-8EAF-EDA5DDF0A3AD}.AppStore|iPhoneSimulator.ActiveCfg = Debug|Any CPU
		{076A013F-C24C-4315-8EAF-EDA5DDF0A3AD}.AppStore|iPhoneSimulator.Build.0 = Debug|Any CPU
		{076A013F-C24C-4315-8EAF-EDA5DDF0A3AD}.AppStore|iPhoneSimulator.Deploy.0 = Debug|Any CPU
		{076A013F-C24C-4315-8EAF-EDA5DDF0A3AD}.AppStore|x64.ActiveCfg = Debug|Any CPU
		{076A013F-C24C-4315-8EAF-EDA5DDF0A3AD}.AppStore|x64.Build.0 = Debug|Any CPU
		{076A013F-C24C-4315-8EAF-EDA5DDF0A3AD}.AppStore|x64.Deploy.0 = Debug|Any CPU
		{076A013F-C24C-4315-8EAF-EDA5DDF0A3AD}.AppStore|x86.ActiveCfg = Debug|Any CPU
		{076A013F-C24C-4315-8EAF-EDA5DDF0A3AD}.AppStore|x86.Build.0 = Debug|Any CPU
		{076A013F-C24C-4315-8EAF-EDA5DDF0A3AD}.AppStore|x86.Deploy.0 = Debug|Any CPU
		{076A013F-C24C-4315-8EAF-EDA5DDF0A3AD}.Debug|Any CPU.ActiveCfg = Debug|Any CPU
		{076A013F-C24C-4315-8EAF-EDA5DDF0A3AD}.Debug|Any CPU.Build.0 = Debug|Any CPU
		{076A013F-C24C-4315-8EAF-EDA5DDF0A3AD}.Debug|Any CPU.Deploy.0 = Debug|Any CPU
		{076A013F-C24C-4315-8EAF-EDA5DDF0A3AD}.Debug|ARM.ActiveCfg = Debug|Any CPU
		{076A013F-C24C-4315-8EAF-EDA5DDF0A3AD}.Debug|ARM.Build.0 = Debug|Any CPU
		{076A013F-C24C-4315-8EAF-EDA5DDF0A3AD}.Debug|ARM.Deploy.0 = Debug|Any CPU
		{076A013F-C24C-4315-8EAF-EDA5DDF0A3AD}.Debug|iPhone.ActiveCfg = Debug|Any CPU
		{076A013F-C24C-4315-8EAF-EDA5DDF0A3AD}.Debug|iPhone.Build.0 = Debug|Any CPU
		{076A013F-C24C-4315-8EAF-EDA5DDF0A3AD}.Debug|iPhone.Deploy.0 = Debug|Any CPU
		{076A013F-C24C-4315-8EAF-EDA5DDF0A3AD}.Debug|iPhoneSimulator.ActiveCfg = Debug|Any CPU
		{076A013F-C24C-4315-8EAF-EDA5DDF0A3AD}.Debug|iPhoneSimulator.Build.0 = Debug|Any CPU
		{076A013F-C24C-4315-8EAF-EDA5DDF0A3AD}.Debug|iPhoneSimulator.Deploy.0 = Debug|Any CPU
		{076A013F-C24C-4315-8EAF-EDA5DDF0A3AD}.Debug|x64.ActiveCfg = Debug|Any CPU
		{076A013F-C24C-4315-8EAF-EDA5DDF0A3AD}.Debug|x64.Build.0 = Debug|Any CPU
		{076A013F-C24C-4315-8EAF-EDA5DDF0A3AD}.Debug|x64.Deploy.0 = Debug|Any CPU
		{076A013F-C24C-4315-8EAF-EDA5DDF0A3AD}.Debug|x86.ActiveCfg = Debug|Any CPU
		{076A013F-C24C-4315-8EAF-EDA5DDF0A3AD}.Debug|x86.Build.0 = Debug|Any CPU
		{076A013F-C24C-4315-8EAF-EDA5DDF0A3AD}.Debug|x86.Deploy.0 = Debug|Any CPU
		{076A013F-C24C-4315-8EAF-EDA5DDF0A3AD}.Release|Any CPU.ActiveCfg = Release|Any CPU
		{076A013F-C24C-4315-8EAF-EDA5DDF0A3AD}.Release|Any CPU.Build.0 = Release|Any CPU
		{076A013F-C24C-4315-8EAF-EDA5DDF0A3AD}.Release|Any CPU.Deploy.0 = Release|Any CPU
		{076A013F-C24C-4315-8EAF-EDA5DDF0A3AD}.Release|ARM.ActiveCfg = Release|Any CPU
		{076A013F-C24C-4315-8EAF-EDA5DDF0A3AD}.Release|ARM.Build.0 = Release|Any CPU
		{076A013F-C24C-4315-8EAF-EDA5DDF0A3AD}.Release|ARM.Deploy.0 = Release|Any CPU
		{076A013F-C24C-4315-8EAF-EDA5DDF0A3AD}.Release|iPhone.ActiveCfg = Release|Any CPU
		{076A013F-C24C-4315-8EAF-EDA5DDF0A3AD}.Release|iPhone.Build.0 = Release|Any CPU
		{076A013F-C24C-4315-8EAF-EDA5DDF0A3AD}.Release|iPhone.Deploy.0 = Release|Any CPU
		{076A013F-C24C-4315-8EAF-EDA5DDF0A3AD}.Release|iPhoneSimulator.ActiveCfg = Release|Any CPU
		{076A013F-C24C-4315-8EAF-EDA5DDF0A3AD}.Release|iPhoneSimulator.Build.0 = Release|Any CPU
		{076A013F-C24C-4315-8EAF-EDA5DDF0A3AD}.Release|iPhoneSimulator.Deploy.0 = Release|Any CPU
		{076A013F-C24C-4315-8EAF-EDA5DDF0A3AD}.Release|x64.ActiveCfg = Release|Any CPU
		{076A013F-C24C-4315-8EAF-EDA5DDF0A3AD}.Release|x64.Build.0 = Release|Any CPU
		{076A013F-C24C-4315-8EAF-EDA5DDF0A3AD}.Release|x64.Deploy.0 = Release|Any CPU
		{076A013F-C24C-4315-8EAF-EDA5DDF0A3AD}.Release|x86.ActiveCfg = Release|Any CPU
		{076A013F-C24C-4315-8EAF-EDA5DDF0A3AD}.Release|x86.Build.0 = Release|Any CPU
		{076A013F-C24C-4315-8EAF-EDA5DDF0A3AD}.Release|x86.Deploy.0 = Release|Any CPU
	EndGlobalSection
	GlobalSection(SolutionProperties) = preSolution
		HideSolutionNode = FALSE
	EndGlobalSection
	GlobalSection(ExtensibilityGlobals) = postSolution
		SolutionGuid = {A21AF39C-F257-416B-AFAA-8AC78BABDE00}
	EndGlobalSection
EndGlobal
